// !$*UTF8*$!
{
	archiveVersion = 1;
	classes = {
	};
	objectVersion = 46;
	objects = {

/* Begin PBXBuildFile section */
		28B93B891CB51FA800BC2FE2 /* AppDelegate.swift in Sources */ = {isa = PBXBuildFile; fileRef = 28B93B881CB51FA800BC2FE2 /* AppDelegate.swift */; };
		28B93B8B1CB51FA800BC2FE2 /* ViewController.swift in Sources */ = {isa = PBXBuildFile; fileRef = 28B93B8A1CB51FA800BC2FE2 /* ViewController.swift */; };
		28B93B8E1CB51FA800BC2FE2 /* Main.storyboard in Resources */ = {isa = PBXBuildFile; fileRef = 28B93B8C1CB51FA800BC2FE2 /* Main.storyboard */; };
		28B93B901CB51FA800BC2FE2 /* Assets.xcassets in Resources */ = {isa = PBXBuildFile; fileRef = 28B93B8F1CB51FA800BC2FE2 /* Assets.xcassets */; };
		28B93B931CB51FA800BC2FE2 /* LaunchScreen.storyboard in Resources */ = {isa = PBXBuildFile; fileRef = 28B93B911CB51FA800BC2FE2 /* LaunchScreen.storyboard */; };
		28B93BB71CB5695F00BC2FE2 /* RGBFilter.swift in Sources */ = {isa = PBXBuildFile; fileRef = 28B93BB61CB5695F00BC2FE2 /* RGBFilter.swift */; };
		28B93BB91CB6008100BC2FE2 /* ImgaeProcessor.swift in Sources */ = {isa = PBXBuildFile; fileRef = 28B93BB81CB6008100BC2FE2 /* ImgaeProcessor.swift */; };
/* End PBXBuildFile section */

/* Begin PBXContainerItemProxy section */
		28B93B9A1CB51FA900BC2FE2 /* PBXContainerItemProxy */ = {
			isa = PBXContainerItemProxy;
			containerPortal = 28B93B7D1CB51FA800BC2FE2 /* Project object */;
			proxyType = 1;
			remoteGlobalIDString = 28B93B841CB51FA800BC2FE2;
			remoteInfo = UserActivityandImagePicker;
		};
		28B93BA51CB51FA900BC2FE2 /* PBXContainerItemProxy */ = {
			isa = PBXContainerItemProxy;
			containerPortal = 28B93B7D1CB51FA800BC2FE2 /* Project object */;
			proxyType = 1;
			remoteGlobalIDString = 28B93B841CB51FA800BC2FE2;
			remoteInfo = UserActivityandImagePicker;
		};
/* End PBXContainerItemProxy section */

/* Begin PBXFileReference section */
		28B93B851CB51FA800BC2FE2 /* UserActivityandImagePicker.app */ = {isa = PBXFileReference; explicitFileType = wrapper.application; includeInIndex = 0; path = UserActivityandImagePicker.app; sourceTree = BUILT_PRODUCTS_DIR; };
		28B93B881CB51FA800BC2FE2 /* AppDelegate.swift */ = {isa = PBXFileReference; lastKnownFileType = sourcecode.swift; path = AppDelegate.swift; sourceTree = "<group>"; };
		28B93B8A1CB51FA800BC2FE2 /* ViewController.swift */ = {isa = PBXFileReference; lastKnownFileType = sourcecode.swift; path = ViewController.swift; sourceTree = "<group>"; };
		28B93B8D1CB51FA800BC2FE2 /* Base */ = {isa = PBXFileReference; lastKnownFileType = file.storyboard; name = Base; path = Base.lproj/Main.storyboard; sourceTree = "<group>"; };
		28B93B8F1CB51FA800BC2FE2 /* Assets.xcassets */ = {isa = PBXFileReference; lastKnownFileType = folder.assetcatalog; path = Assets.xcassets; sourceTree = "<group>"; };
		28B93B921CB51FA800BC2FE2 /* Base */ = {isa = PBXFileReference; lastKnownFileType = file.storyboard; name = Base; path = Base.lproj/LaunchScreen.storyboard; sourceTree = "<group>"; };
		28B93B941CB51FA800BC2FE2 /* Info.plist */ = {isa = PBXFileReference; lastKnownFileType = text.plist.xml; path = Info.plist; sourceTree = "<group>"; };
		28B93B991CB51FA900BC2FE2 /* UserActivityandImagePickerTests.xctest */ = {isa = PBXFileReference; explicitFileType = wrapper.cfbundle; includeInIndex = 0; path = UserActivityandImagePickerTests.xctest; sourceTree = BUILT_PRODUCTS_DIR; };
		28B93BA41CB51FA900BC2FE2 /* UserActivityandImagePickerUITests.xctest */ = {isa = PBXFileReference; explicitFileType = wrapper.cfbundle; includeInIndex = 0; path = UserActivityandImagePickerUITests.xctest; sourceTree = BUILT_PRODUCTS_DIR; };
		28B93BB61CB5695F00BC2FE2 /* RGBFilter.swift */ = {isa = PBXFileReference; fileEncoding = 4; lastKnownFileType = sourcecode.swift; path = RGBFilter.swift; sourceTree = "<group>"; };
		28B93BB81CB6008100BC2FE2 /* ImgaeProcessor.swift */ = {isa = PBXFileReference; fileEncoding = 4; lastKnownFileType = sourcecode.swift; path = ImgaeProcessor.swift; sourceTree = "<group>"; };
/* End PBXFileReference section */

/* Begin PBXFrameworksBuildPhase section */
		28B93B821CB51FA800BC2FE2 /* Frameworks */ = {
			isa = PBXFrameworksBuildPhase;
			buildActionMask = 2147483647;
			files = (
			);
			runOnlyForDeploymentPostprocessing = 0;
		};
		28B93B961CB51FA900BC2FE2 /* Frameworks */ = {
			isa = PBXFrameworksBuildPhase;
			buildActionMask = 2147483647;
			files = (
			);
			runOnlyForDeploymentPostprocessing = 0;
		};
		28B93BA11CB51FA900BC2FE2 /* Frameworks */ = {
			isa = PBXFrameworksBuildPhase;
			buildActionMask = 2147483647;
			files = (
			);
			runOnlyForDeploymentPostprocessing = 0;
		};
/* End PBXFrameworksBuildPhase section */

/* Begin PBXGroup section */
		28B93B7C1CB51FA800BC2FE2 = {
			isa = PBXGroup;
			children = (
				28B93B871CB51FA800BC2FE2 /* UserActivityandImagePicker */,
				28B93B861CB51FA800BC2FE2 /* Products */,
			);
			sourceTree = "<group>";
		};
		28B93B861CB51FA800BC2FE2 /* Products */ = {
			isa = PBXGroup;
			children = (
				28B93B851CB51FA800BC2FE2 /* UserActivityandImagePicker.app */,
				28B93B991CB51FA900BC2FE2 /* UserActivityandImagePickerTests.xctest */,
				28B93BA41CB51FA900BC2FE2 /* UserActivityandImagePickerUITests.xctest */,
			);
			name = Products;
			sourceTree = "<group>";
		};
		28B93B871CB51FA800BC2FE2 /* UserActivityandImagePicker */ = {
			isa = PBXGroup;
			children = (
				28B93B881CB51FA800BC2FE2 /* AppDelegate.swift */,
				28B93B8A1CB51FA800BC2FE2 /* ViewController.swift */,
				28B93BB61CB5695F00BC2FE2 /* RGBFilter.swift */,
				28B93B8C1CB51FA800BC2FE2 /* Main.storyboard */,
				28B93BB81CB6008100BC2FE2 /* ImgaeProcessor.swift */,
				28B93B8F1CB51FA800BC2FE2 /* Assets.xcassets */,
				28B93B911CB51FA800BC2FE2 /* LaunchScreen.storyboard */,
				28B93B941CB51FA800BC2FE2 /* Info.plist */,
			);
			path = UserActivityandImagePicker;
			sourceTree = "<group>";
		};
/* End PBXGroup section */

/* Begin PBXNativeTarget section */
		28B93B841CB51FA800BC2FE2 /* UserActivityandImagePicker */ = {
			isa = PBXNativeTarget;
			buildConfigurationList = 28B93BAD1CB51FA900BC2FE2 /* Build configuration list for PBXNativeTarget "UserActivityandImagePicker" */;
			buildPhases = (
				28B93B811CB51FA800BC2FE2 /* Sources */,
				28B93B821CB51FA800BC2FE2 /* Frameworks */,
				28B93B831CB51FA800BC2FE2 /* Resources */,
			);
			buildRules = (
			);
			dependencies = (
			);
			name = UserActivityandImagePicker;
			productName = UserActivityandImagePicker;
			productReference = 28B93B851CB51FA800BC2FE2 /* UserActivityandImagePicker.app */;
			productType = "com.apple.product-type.application";
		};
		28B93B981CB51FA900BC2FE2 /* UserActivityandImagePickerTests */ = {
			isa = PBXNativeTarget;
			buildConfigurationList = 28B93BB01CB51FA900BC2FE2 /* Build configuration list for PBXNativeTarget "UserActivityandImagePickerTests" */;
			buildPhases = (
				28B93B951CB51FA900BC2FE2 /* Sources */,
				28B93B961CB51FA900BC2FE2 /* Frameworks */,
				28B93B971CB51FA900BC2FE2 /* Resources */,
			);
			buildRules = (
			);
			dependencies = (
				28B93B9B1CB51FA900BC2FE2 /* PBXTargetDependency */,
			);
			name = UserActivityandImagePickerTests;
			productName = UserActivityandImagePickerTests;
			productReference = 28B93B991CB51FA900BC2FE2 /* UserActivityandImagePickerTests.xctest */;
			productType = "com.apple.product-type.bundle.unit-test";
		};
		28B93BA31CB51FA900BC2FE2 /* UserActivityandImagePickerUITests */ = {
			isa = PBXNativeTarget;
			buildConfigurationList = 28B93BB31CB51FA900BC2FE2 /* Build configuration list for PBXNativeTarget "UserActivityandImagePickerUITests" */;
			buildPhases = (
				28B93BA01CB51FA900BC2FE2 /* Sources */,
				28B93BA11CB51FA900BC2FE2 /* Frameworks */,
				28B93BA21CB51FA900BC2FE2 /* Resources */,
			);
			buildRules = (
			);
			dependencies = (
				28B93BA61CB51FA900BC2FE2 /* PBXTargetDependency */,
			);
			name = UserActivityandImagePickerUITests;
			productName = UserActivityandImagePickerUITests;
			productReference = 28B93BA41CB51FA900BC2FE2 /* UserActivityandImagePickerUITests.xctest */;
			productType = "com.apple.product-type.bundle.ui-testing";
		};
/* End PBXNativeTarget section */

/* Begin PBXProject section */
		28B93B7D1CB51FA800BC2FE2 /* Project object */ = {
			isa = PBXProject;
			attributes = {
				LastSwiftUpdateCheck = 0730;
				LastUpgradeCheck = 0730;
				ORGANIZATIONNAME = tranquocsang;
				TargetAttributes = {
					28B93B841CB51FA800BC2FE2 = {
						CreatedOnToolsVersion = 7.3;
					};
					28B93B981CB51FA900BC2FE2 = {
						CreatedOnToolsVersion = 7.3;
						TestTargetID = 28B93B841CB51FA800BC2FE2;
					};
					28B93BA31CB51FA900BC2FE2 = {
						CreatedOnToolsVersion = 7.3;
						TestTargetID = 28B93B841CB51FA800BC2FE2;
					};
				};
			};
			buildConfigurationList = 28B93B801CB51FA800BC2FE2 /* Build configuration list for PBXProject "UserActivityandImagePicker" */;
			compatibilityVersion = "Xcode 3.2";
			developmentRegion = English;
			hasScannedForEncodings = 0;
			knownRegions = (
				en,
				Base,
			);
			mainGroup = 28B93B7C1CB51FA800BC2FE2;
			productRefGroup = 28B93B861CB51FA800BC2FE2 /* Products */;
			projectDirPath = "";
			projectRoot = "";
			targets = (
				28B93B841CB51FA800BC2FE2 /* UserActivityandImagePicker */,
				28B93B981CB51FA900BC2FE2 /* UserActivityandImagePickerTests */,
				28B93BA31CB51FA900BC2FE2 /* UserActivityandImagePickerUITests */,
			);
		};
/* End PBXProject section */

/* Begin PBXResourcesBuildPhase section */
		28B93B831CB51FA800BC2FE2 /* Resources */ = {
			isa = PBXResourcesBuildPhase;
			buildActionMask = 2147483647;
			files = (
				28B93B931CB51FA800BC2FE2 /* LaunchScreen.storyboard in Resources */,
				28B93B901CB51FA800BC2FE2 /* Assets.xcassets in Resources */,
				28B93B8E1CB51FA800BC2FE2 /* Main.storyboard in Resources */,
			);
			runOnlyForDeploymentPostprocessing = 0;
		};
		28B93B971CB51FA900BC2FE2 /* Resources */ = {
			isa = PBXResourcesBuildPhase;
			buildActionMask = 2147483647;
			files = (
			);
			runOnlyForDeploymentPostprocessing = 0;
		};
		28B93BA21CB51FA900BC2FE2 /* Resources */ = {
			isa = PBXResourcesBuildPhase;
			buildActionMask = 2147483647;
			files = (
			);
			runOnlyForDeploymentPostprocessing = 0;
		};
/* End PBXResourcesBuildPhase section */

/* Begin PBXSourcesBuildPhase section */
		28B93B811CB51FA800BC2FE2 /* Sources */ = {
			isa = PBXSourcesBuildPhase;
			buildActionMask = 2147483647;
			files = (
				28B93B8B1CB51FA800BC2FE2 /* ViewController.swift in Sources */,
				28B93B891CB51FA800BC2FE2 /* AppDelegate.swift in Sources */,
				28B93BB91CB6008100BC2FE2 /* ImgaeProcessor.swift in Sources */,
				28B93BB71CB5695F00BC2FE2 /* RGBFilter.swift in Sources */,
			);
			runOnlyForDeploymentPostprocessing = 0;
		};
		28B93B951CB51FA900BC2FE2 /* Sources */ = {
			isa = PBXSourcesBuildPhase;
			buildActionMask = 2147483647;
			files = (
			);
			runOnlyForDeploymentPostprocessing = 0;
		};
		28B93BA01CB51FA900BC2FE2 /* Sources */ = {
			isa = PBXSourcesBuildPhase;
			buildActionMask = 2147483647;
			files = (
			);
			runOnlyForDeploymentPostprocessing = 0;
		};
/* End PBXSourcesBuildPhase section */

/* Begin PBXTargetDependency section */
		28B93B9B1CB51FA900BC2FE2 /* PBXTargetDependency */ = {
			isa = PBXTargetDependency;
			target = 28B93B841CB51FA800BC2FE2 /* UserActivityandImagePicker */;
			targetProxy = 28B93B9A1CB51FA900BC2FE2 /* PBXContainerItemProxy */;
		};
		28B93BA61CB51FA900BC2FE2 /* PBXTargetDependency */ = {
			isa = PBXTargetDependency;
			target = 28B93B841CB51FA800BC2FE2 /* UserActivityandImagePicker */;
			targetProxy = 28B93BA51CB51FA900BC2FE2 /* PBXContainerItemProxy */;
		};
/* End PBXTargetDependency section */

/* Begin PBXVariantGroup section */
		28B93B8C1CB51FA800BC2FE2 /* Main.storyboard */ = {
			isa = PBXVariantGroup;
			children = (
				28B93B8D1CB51FA800BC2FE2 /* Base */,
			);
			name = Main.storyboard;
			sourceTree = "<group>";
		};
		28B93B911CB51FA800BC2FE2 /* LaunchScreen.storyboard */ = {
			isa = PBXVariantGroup;
			children = (
				28B93B921CB51FA800BC2FE2 /* Base */,
			);
			name = LaunchScreen.storyboard;
			sourceTree = "<group>";
		};
/* End PBXVariantGroup section */

/* Begin XCBuildConfiguration section */
		28B93BAB1CB51FA900BC2FE2 /* Debug */ = {
			isa = XCBuildConfiguration;
			buildSettings = {
				ALWAYS_SEARCH_USER_PATHS = NO;
				CLANG_ANALYZER_NONNULL = YES;
				CLANG_CXX_LANGUAGE_STANDARD = "gnu++0x";
				CLANG_CXX_LIBRARY = "libc++";
				CLANG_ENABLE_MODULES = YES;
				CLANG_ENABLE_OBJC_ARC = YES;
				CLANG_WARN_BOOL_CONVERSION = YES;
				CLANG_WARN_CONSTANT_CONVERSION = YES;
				CLANG_WARN_DIRECT_OBJC_ISA_USAGE = YES_ERROR;
				CLANG_WARN_EMPTY_BODY = YES;
				CLANG_WARN_ENUM_CONVERSION = YES;
				CLANG_WARN_INT_CONVERSION = YES;
				CLANG_WARN_OBJC_ROOT_CLASS = YES_ERROR;
				CLANG_WARN_UNREACHABLE_CODE = YES;
				CLANG_WARN__DUPLICATE_METHOD_MATCH = YES;
				"CODE_SIGN_IDENTITY[sdk=iphoneos*]" = "iPhone Developer";
				COPY_PHASE_STRIP = NO;
				DEBUG_INFORMATION_FORMAT = dwarf;
				ENABLE_STRICT_OBJC_MSGSEND = YES;
				ENABLE_TESTABILITY = YES;
				GCC_C_LANGUAGE_STANDARD = gnu99;
				GCC_DYNAMIC_NO_PIC = NO;
				GCC_NO_COMMON_BLOCKS = YES;
				GCC_OPTIMIZATION_LEVEL = 0;
				GCC_PREPROCESSOR_DEFINITIONS = (
					"DEBUG=1",
					"$(inherited)",
				);
				GCC_WARN_64_TO_32_BIT_CONVERSION = YES;
				GCC_WARN_ABOUT_RETURN_TYPE = YES_ERROR;
				GCC_WARN_UNDECLARED_SELECTOR = YES;
				GCC_WARN_UNINITIALIZED_AUTOS = YES_AGGRESSIVE;
				GCC_WARN_UNUSED_FUNCTION = YES;
				GCC_WARN_UNUSED_VARIABLE = YES;
				IPHONEOS_DEPLOYMENT_TARGET = 9.3;
				MTL_ENABLE_DEBUG_INFO = YES;
				ONLY_ACTIVE_ARCH = YES;
				SDKROOT = iphoneos;
				SWIFT_OPTIMIZATION_LEVEL = "-Onone";
			};
			name = Debug;
		};
		28B93BAC1CB51FA900BC2FE2 /* Release */ = {
			isa = XCBuildConfiguration;
			buildSettings = {
				ALWAYS_SEARCH_USER_PATHS = NO;
				CLANG_ANALYZER_NONNULL = YES;
				CLANG_CXX_LANGUAGE_STANDARD = "gnu++0x";
				CLANG_CXX_LIBRARY = "libc++";
				CLANG_ENABLE_MODULES = YES;
				CLANG_ENABLE_OBJC_ARC = YES;
				CLANG_WARN_BOOL_CONVERSION = YES;
				CLANG_WARN_CONSTANT_CONVERSION = YES;
				CLANG_WARN_DIRECT_OBJC_ISA_USAGE = YES_ERROR;
				CLANG_WARN_EMPTY_BODY = YES;
				CLANG_WARN_ENUM_CONVERSION = YES;
				CLANG_WARN_INT_CONVERSION = YES;
				CLANG_WARN_OBJC_ROOT_CLASS = YES_ERROR;
				CLANG_WARN_UNREACHABLE_CODE = YES;
				CLANG_WARN__DUPLICATE_METHOD_MATCH = YES;
				"CODE_SIGN_IDENTITY[sdk=iphoneos*]" = "iPhone Developer";
				COPY_PHASE_STRIP = NO;
				DEBUG_INFORMATION_FORMAT = "dwarf-with-dsym";
				ENABLE_NS_ASSERTIONS = NO;
				ENABLE_STRICT_OBJC_MSGSEND = YES;
				GCC_C_LANGUAGE_STANDARD = gnu99;
				GCC_NO_COMMON_BLOCKS = YES;
				GCC_WARN_64_TO_32_BIT_CONVERSION = YES;
				GCC_WARN_ABOUT_RETURN_TYPE = YES_ERROR;
				GCC_WARN_UNDECLARED_SELECTOR = YES;
				GCC_WARN_UNINITIALIZED_AUTOS = YES_AGGRESSIVE;
				GCC_WARN_UNUSED_FUNCTION = YES;
				GCC_WARN_UNUSED_VARIABLE = YES;
				IPHONEOS_DEPLOYMENT_TARGET = 9.3;
				MTL_ENABLE_DEBUG_INFO = NO;
				SDKROOT = iphoneos;
				VALIDATE_PRODUCT = YES;
			};
			name = Release;
		};
		28B93BAE1CB51FA900BC2FE2 /* Debug */ = {
			isa = XCBuildConfiguration;
			buildSettings = {
				ASSETCATALOG_COMPILER_APPICON_NAME = AppIcon;
				INFOPLIST_FILE = UserActivityandImagePicker/Info.plist;
				LD_RUNPATH_SEARCH_PATHS = "$(inherited) @executable_path/Frameworks";
				PRODUCT_BUNDLE_IDENTIFIER = com.UserActivityandImagePicker;
				PRODUCT_NAME = "$(TARGET_NAME)";
			};
			name = Debug;
		};
		28B93BAF1CB51FA900BC2FE2 /* Release */ = {
			isa = XCBuildConfiguration;
			buildSettings = {
				ASSETCATALOG_COMPILER_APPICON_NAME = AppIcon;
				INFOPLIST_FILE = UserActivityandImagePicker/Info.plist;
				LD_RUNPATH_SEARCH_PATHS = "$(inherited) @executable_path/Frameworks";
				PRODUCT_BUNDLE_IDENTIFIER = com.UserActivityandImagePicker;
				PRODUCT_NAME = "$(TARGET_NAME)";
			};
			name = Release;
		};
		28B93BB11CB51FA900BC2FE2 /* Debug */ = {
			isa = XCBuildConfiguration;
			buildSettings = {
				BUNDLE_LOADER = "$(TEST_HOST)";
				INFOPLIST_FILE = UserActivityandImagePickerTests/Info.plist;
				LD_RUNPATH_SEARCH_PATHS = "$(inherited) @executable_path/Frameworks @loader_path/Frameworks";
				PRODUCT_BUNDLE_IDENTIFIER = com.UserActivityandImagePickerTests;
				PRODUCT_NAME = "$(TARGET_NAME)";
				TEST_HOST = "$(BUILT_PRODUCTS_DIR)/UserActivityandImagePicker.app/UserActivityandImagePicker";
			};
			name = Debug;
		};
		28B93BB21CB51FA900BC2FE2 /* Release */ = {
			isa = XCBuildConfiguration;
			buildSettings = {
				BUNDLE_LOADER = "$(TEST_HOST)";
				INFOPLIST_FILE = UserActivityandImagePickerTests/Info.plist;
				LD_RUNPATH_SEARCH_PATHS = "$(inherited) @executable_path/Frameworks @loader_path/Frameworks";
				PRODUCT_BUNDLE_IDENTIFIER = com.UserActivityandImagePickerTests;
				PRODUCT_NAME = "$(TARGET_NAME)";
				TEST_HOST = "$(BUILT_PRODUCTS_DIR)/UserActivityandImagePicker.app/UserActivityandImagePicker";
			};
			name = Release;
		};
		28B93BB41CB51FA900BC2FE2 /* Debug */ = {
			isa = XCBuildConfiguration;
			buildSettings = {
				INFOPLIST_FILE = UserActivityandImagePickerUITests/Info.plist;
				LD_RUNPATH_SEARCH_PATHS = "$(inherited) @executable_path/Frameworks @loader_path/Frameworks";
				PRODUCT_BUNDLE_IDENTIFIER = com.UserActivityandImagePickerUITests;
				PRODUCT_NAME = "$(TARGET_NAME)";
				TEST_TARGET_NAME = UserActivityandImagePicker;
			};
			name = Debug;
		};
		28B93BB51CB51FA900BC2FE2 /* Release */ = {
			isa = XCBuildConfiguration;
			buildSettings = {
				INFOPLIST_FILE = UserActivityandImagePickerUITests/Info.plist;
				LD_RUNPATH_SEARCH_PATHS = "$(inherited) @executable_path/Frameworks @loader_path/Frameworks";
				PRODUCT_BUNDLE_IDENTIFIER = com.UserActivityandImagePickerUITests;
				PRODUCT_NAME = "$(TARGET_NAME)";
				TEST_TARGET_NAME = UserActivityandImagePicker;
			};
			name = Release;
		};
/* End XCBuildConfiguration section */

/* Begin XCConfigurationList section */
		28B93B801CB51FA800BC2FE2 /* Build configuration list for PBXProject "UserActivityandImagePicker" */ = {
			isa = XCConfigurationList;
			buildConfigurations = (
				28B93BAB1CB51FA900BC2FE2 /* Debug */,
				28B93BAC1CB51FA900BC2FE2 /* Release */,
			);
			defaultConfigurationIsVisible = 0;
			defaultConfigurationName = Release;
		};
		28B93BAD1CB51FA900BC2FE2 /* Build configuration list for PBXNativeTarget "UserActivityandImagePicker" */ = {
			isa = XCConfigurationList;
			buildConfigurations = (
				28B93BAE1CB51FA900BC2FE2 /* Debug */,
				28B93BAF1CB51FA900BC2FE2 /* Release */,
			);
			defaultConfigurationIsVisible = 0;
		};
		28B93BB01CB51FA900BC2FE2 /* Build configuration list for PBXNativeTarget "UserActivityandImagePickerTests" */ = {
			isa = XCConfigurationList;
			buildConfigurations = (
				28B93BB11CB51FA900BC2FE2 /* Debug */,
				28B93BB21CB51FA900BC2FE2 /* Release */,
			);
			defaultConfigurationIsVisible = 0;
		};
		28B93BB31CB51FA900BC2FE2 /* Build configuration list for PBXNativeTarget "UserActivityandImagePickerUITests" */ = {
			isa = XCConfigurationList;
			buildConfigurations = (
				28B93BB41CB51FA900BC2FE2 /* Debug */,
				28B93BB51CB51FA900BC2FE2 /* Release */,
			);
			defaultConfigurationIsVisible = 0;
		};
/* End XCConfigurationList section */
	};
	rootObject = 28B93B7D1CB51FA800BC2FE2 /* Project object */;
}
