// !$*UTF8*$!
{
	archiveVersion = 1;
	classes = {
	};
	objectVersion = 46;
	objects = {

/* Begin PBXBuildFile section */
		3FD56A01A6C0E395F9ACB994 /* Pods_FirebaseChat.framework in Frameworks */ = {isa = PBXBuildFile; fileRef = 46B7374BC3B2C689721EA3BF /* Pods_FirebaseChat.framework */; };
		5386F8311CBDFE490033C069 /* AppDelegate.swift in Sources */ = {isa = PBXBuildFile; fileRef = 5386F8301CBDFE490033C069 /* AppDelegate.swift */; };
		5386F8331CBDFE490033C069 /* ViewController.swift in Sources */ = {isa = PBXBuildFile; fileRef = 5386F8321CBDFE490033C069 /* ViewController.swift */; };
		5386F8361CBDFE490033C069 /* Main.storyboard in Resources */ = {isa = PBXBuildFile; fileRef = 5386F8341CBDFE490033C069 /* Main.storyboard */; };
		5386F8391CBDFE490033C069 /* FirebaseChat.xcdatamodeld in Sources */ = {isa = PBXBuildFile; fileRef = 5386F8371CBDFE490033C069 /* FirebaseChat.xcdatamodeld */; };
		5386F83B1CBDFE490033C069 /* Assets.xcassets in Resources */ = {isa = PBXBuildFile; fileRef = 5386F83A1CBDFE490033C069 /* Assets.xcassets */; };
		5386F83E1CBDFE490033C069 /* LaunchScreen.storyboard in Resources */ = {isa = PBXBuildFile; fileRef = 5386F83C1CBDFE490033C069 /* LaunchScreen.storyboard */; };
		5386F8471CBDFEB00033C069 /* Firebase.framework in Frameworks */ = {isa = PBXBuildFile; fileRef = 5386F8451CBDFEB00033C069 /* Firebase.framework */; };
		5386F8481CBDFEB00033C069 /* CoreData.framework in Frameworks */ = {isa = PBXBuildFile; fileRef = 5386F8461CBDFEB00033C069 /* CoreData.framework */; };
		5386F84A1CBE02BD0033C069 /* TableViewController.swift in Sources */ = {isa = PBXBuildFile; fileRef = 5386F8491CBE02BD0033C069 /* TableViewController.swift */; };
		5386F84C1CBE0DEC0033C069 /* Message.swift in Sources */ = {isa = PBXBuildFile; fileRef = 5386F84B1CBE0DEC0033C069 /* Message.swift */; };
		5386F84E1CBE11420033C069 /* TableViewCell.swift in Sources */ = {isa = PBXBuildFile; fileRef = 5386F84D1CBE11420033C069 /* TableViewCell.swift */; };
/* End PBXBuildFile section */

/* Begin PBXFileReference section */
		24C20C0844EC18371D55E041 /* Pods-FirebaseChat.release.xcconfig */ = {isa = PBXFileReference; includeInIndex = 1; lastKnownFileType = text.xcconfig; name = "Pods-FirebaseChat.release.xcconfig"; path = "Pods/Target Support Files/Pods-FirebaseChat/Pods-FirebaseChat.release.xcconfig"; sourceTree = "<group>"; };
		46B7374BC3B2C689721EA3BF /* Pods_FirebaseChat.framework */ = {isa = PBXFileReference; explicitFileType = wrapper.framework; includeInIndex = 0; path = Pods_FirebaseChat.framework; sourceTree = BUILT_PRODUCTS_DIR; };
		5386F82D1CBDFE490033C069 /* FirebaseChat.app */ = {isa = PBXFileReference; explicitFileType = wrapper.application; includeInIndex = 0; path = FirebaseChat.app; sourceTree = BUILT_PRODUCTS_DIR; };
		5386F8301CBDFE490033C069 /* AppDelegate.swift */ = {isa = PBXFileReference; lastKnownFileType = sourcecode.swift; path = AppDelegate.swift; sourceTree = "<group>"; };
		5386F8321CBDFE490033C069 /* ViewController.swift */ = {isa = PBXFileReference; lastKnownFileType = sourcecode.swift; path = ViewController.swift; sourceTree = "<group>"; };
		5386F8351CBDFE490033C069 /* Base */ = {isa = PBXFileReference; lastKnownFileType = file.storyboard; name = Base; path = Base.lproj/Main.storyboard; sourceTree = "<group>"; };
		5386F8381CBDFE490033C069 /* FirebaseChat.xcdatamodel */ = {isa = PBXFileReference; lastKnownFileType = wrapper.xcdatamodel; path = FirebaseChat.xcdatamodel; sourceTree = "<group>"; };
		5386F83A1CBDFE490033C069 /* Assets.xcassets */ = {isa = PBXFileReference; lastKnownFileType = folder.assetcatalog; path = Assets.xcassets; sourceTree = "<group>"; };
		5386F83D1CBDFE490033C069 /* Base */ = {isa = PBXFileReference; lastKnownFileType = file.storyboard; name = Base; path = Base.lproj/LaunchScreen.storyboard; sourceTree = "<group>"; };
		5386F83F1CBDFE490033C069 /* Info.plist */ = {isa = PBXFileReference; lastKnownFileType = text.plist.xml; path = Info.plist; sourceTree = "<group>"; };
		5386F8451CBDFEB00033C069 /* Firebase.framework */ = {isa = PBXFileReference; lastKnownFileType = wrapper.framework; name = Firebase.framework; path = "Pods/../build/Debug-iphoneos/Firebase/Firebase.framework"; sourceTree = "<group>"; };
		5386F8461CBDFEB00033C069 /* CoreData.framework */ = {isa = PBXFileReference; lastKnownFileType = wrapper.framework; name = CoreData.framework; path = System/Library/Frameworks/CoreData.framework; sourceTree = SDKROOT; };
		5386F8491CBE02BD0033C069 /* TableViewController.swift */ = {isa = PBXFileReference; fileEncoding = 4; lastKnownFileType = sourcecode.swift; path = TableViewController.swift; sourceTree = "<group>"; };
		5386F84B1CBE0DEC0033C069 /* Message.swift */ = {isa = PBXFileReference; fileEncoding = 4; lastKnownFileType = sourcecode.swift; path = Message.swift; sourceTree = "<group>"; };
		5386F84D1CBE11420033C069 /* TableViewCell.swift */ = {isa = PBXFileReference; fileEncoding = 4; lastKnownFileType = sourcecode.swift; path = TableViewCell.swift; sourceTree = "<group>"; };
		9DCC1B2091619E99846A815E /* Pods-FirebaseChat.debug.xcconfig */ = {isa = PBXFileReference; includeInIndex = 1; lastKnownFileType = text.xcconfig; name = "Pods-FirebaseChat.debug.xcconfig"; path = "Pods/Target Support Files/Pods-FirebaseChat/Pods-FirebaseChat.debug.xcconfig"; sourceTree = "<group>"; };
/* End PBXFileReference section */

/* Begin PBXFrameworksBuildPhase section */
		5386F82A1CBDFE490033C069 /* Frameworks */ = {
			isa = PBXFrameworksBuildPhase;
			buildActionMask = 2147483647;
			files = (
				5386F8481CBDFEB00033C069 /* CoreData.framework in Frameworks */,
				5386F8471CBDFEB00033C069 /* Firebase.framework in Frameworks */,
				3FD56A01A6C0E395F9ACB994 /* Pods_FirebaseChat.framework in Frameworks */,
			);
			runOnlyForDeploymentPostprocessing = 0;
		};
/* End PBXFrameworksBuildPhase section */

/* Begin PBXGroup section */
		14199EDDF950ACFF6CB22C13 /* Pods */ = {
			isa = PBXGroup;
			children = (
				9DCC1B2091619E99846A815E /* Pods-FirebaseChat.debug.xcconfig */,
				24C20C0844EC18371D55E041 /* Pods-FirebaseChat.release.xcconfig */,
			);
			name = Pods;
			sourceTree = "<group>";
		};
		5386F8241CBDFE490033C069 = {
			isa = PBXGroup;
			children = (
				5386F82F1CBDFE490033C069 /* FirebaseChat */,
				5386F82E1CBDFE490033C069 /* Products */,
				14199EDDF950ACFF6CB22C13 /* Pods */,
				C114CC623A74EE5D91804AD5 /* Frameworks */,
			);
			sourceTree = "<group>";
		};
		5386F82E1CBDFE490033C069 /* Products */ = {
			isa = PBXGroup;
			children = (
				5386F82D1CBDFE490033C069 /* FirebaseChat.app */,
			);
			name = Products;
			sourceTree = "<group>";
		};
		5386F82F1CBDFE490033C069 /* FirebaseChat */ = {
			isa = PBXGroup;
			children = (
				5386F8301CBDFE490033C069 /* AppDelegate.swift */,
				5386F8321CBDFE490033C069 /* ViewController.swift */,
				5386F8341CBDFE490033C069 /* Main.storyboard */,
				5386F84D1CBE11420033C069 /* TableViewCell.swift */,
				5386F8491CBE02BD0033C069 /* TableViewController.swift */,
				5386F84B1CBE0DEC0033C069 /* Message.swift */,
				5386F83A1CBDFE490033C069 /* Assets.xcassets */,
				5386F83C1CBDFE490033C069 /* LaunchScreen.storyboard */,
				5386F83F1CBDFE490033C069 /* Info.plist */,
				5386F8371CBDFE490033C069 /* FirebaseChat.xcdatamodeld */,
			);
			path = FirebaseChat;
			sourceTree = "<group>";
		};
		C114CC623A74EE5D91804AD5 /* Frameworks */ = {
			isa = PBXGroup;
			children = (
				5386F8451CBDFEB00033C069 /* Firebase.framework */,
				5386F8461CBDFEB00033C069 /* CoreData.framework */,
				46B7374BC3B2C689721EA3BF /* Pods_FirebaseChat.framework */,
			);
			name = Frameworks;
			sourceTree = "<group>";
		};
/* End PBXGroup section */

/* Begin PBXNativeTarget section */
		5386F82C1CBDFE490033C069 /* FirebaseChat */ = {
			isa = PBXNativeTarget;
			buildConfigurationList = 5386F8421CBDFE490033C069 /* Build configuration list for PBXNativeTarget "FirebaseChat" */;
			buildPhases = (
				7B4C5C58A8B42401FB1B7D1E /* 📦 Check Pods Manifest.lock */,
				5386F8291CBDFE490033C069 /* Sources */,
				5386F82A1CBDFE490033C069 /* Frameworks */,
				5386F82B1CBDFE490033C069 /* Resources */,
				0AB505BFEEE4B44D9E94BCB2 /* 📦 Embed Pods Frameworks */,
				4F6108921CC5953200C43A3D /* 📦 Copy Pods Resources */,
			);
			buildRules = (
			);
			dependencies = (
			);
			name = FirebaseChat;
			productName = FirebaseChat;
			productReference = 5386F82D1CBDFE490033C069 /* FirebaseChat.app */;
			productType = "com.apple.product-type.application";
		};
/* End PBXNativeTarget section */

/* Begin PBXProject section */
		5386F8251CBDFE490033C069 /* Project object */ = {
			isa = PBXProject;
			attributes = {
				LastSwiftUpdateCheck = 0730;
				LastUpgradeCheck = 0730;
				ORGANIZATIONNAME = "The Simple Studio";
				TargetAttributes = {
					5386F82C1CBDFE490033C069 = {
						CreatedOnToolsVersion = 7.3;
					};
				};
			};
			buildConfigurationList = 5386F8281CBDFE490033C069 /* Build configuration list for PBXProject "FirebaseChat" */;
			compatibilityVersion = "Xcode 3.2";
			developmentRegion = English;
			hasScannedForEncodings = 0;
			knownRegions = (
				en,
				Base,
			);
			mainGroup = 5386F8241CBDFE490033C069;
			productRefGroup = 5386F82E1CBDFE490033C069 /* Products */;
			projectDirPath = "";
			projectRoot = "";
			targets = (
				5386F82C1CBDFE490033C069 /* FirebaseChat */,
			);
		};
/* End PBXProject section */

/* Begin PBXResourcesBuildPhase section */
		5386F82B1CBDFE490033C069 /* Resources */ = {
			isa = PBXResourcesBuildPhase;
			buildActionMask = 2147483647;
			files = (
				5386F83E1CBDFE490033C069 /* LaunchScreen.storyboard in Resources */,
				5386F83B1CBDFE490033C069 /* Assets.xcassets in Resources */,
				5386F8361CBDFE490033C069 /* Main.storyboard in Resources */,
			);
			runOnlyForDeploymentPostprocessing = 0;
		};
/* End PBXResourcesBuildPhase section */

/* Begin PBXShellScriptBuildPhase section */
		0AB505BFEEE4B44D9E94BCB2 /* 📦 Embed Pods Frameworks */ = {
			isa = PBXShellScriptBuildPhase;
			buildActionMask = 2147483647;
			files = (
			);
			inputPaths = (
			);
			name = "📦 Embed Pods Frameworks";
			outputPaths = (
			);
			runOnlyForDeploymentPostprocessing = 0;
			shellPath = /bin/sh;
			shellScript = "\"${SRCROOT}/Pods/Target Support Files/Pods-FirebaseChat/Pods-FirebaseChat-frameworks.sh\"\n";
			showEnvVarsInLog = 0;
		};
		4F6108921CC5953200C43A3D /* 📦 Copy Pods Resources */ = {
			isa = PBXShellScriptBuildPhase;
			buildActionMask = 2147483647;
			files = (
			);
			inputPaths = (
			);
			name = "📦 Copy Pods Resources";
			outputPaths = (
			);
			runOnlyForDeploymentPostprocessing = 0;
			shellPath = /bin/sh;
			shellScript = "\"${SRCROOT}/Pods/Target Support Files/Pods-FirebaseChat/Pods-FirebaseChat-resources.sh\"\n";
			showEnvVarsInLog = 0;
		};
		7B4C5C58A8B42401FB1B7D1E /* 📦 Check Pods Manifest.lock */ = {
			isa = PBXShellScriptBuildPhase;
			buildActionMask = 2147483647;
			files = (
			);
			inputPaths = (
			);
			name = "📦 Check Pods Manifest.lock";
			outputPaths = (
			);
			runOnlyForDeploymentPostprocessing = 0;
			shellPath = /bin/sh;
			shellScript = "diff \"${PODS_ROOT}/../Podfile.lock\" \"${PODS_ROOT}/Manifest.lock\" > /dev/null\nif [[ $? != 0 ]] ; then\n    cat << EOM\nerror: The sandbox is not in sync with the Podfile.lock. Run 'pod install' or update your CocoaPods installation.\nEOM\n    exit 1\nfi\n";
			showEnvVarsInLog = 0;
		};
/* End PBXShellScriptBuildPhase section */

/* Begin PBXSourcesBuildPhase section */
		5386F8291CBDFE490033C069 /* Sources */ = {
			isa = PBXSourcesBuildPhase;
			buildActionMask = 2147483647;
			files = (
				5386F84C1CBE0DEC0033C069 /* Message.swift in Sources */,
				5386F8331CBDFE490033C069 /* ViewController.swift in Sources */,
				5386F8311CBDFE490033C069 /* AppDelegate.swift in Sources */,
				5386F84E1CBE11420033C069 /* TableViewCell.swift in Sources */,
				5386F8391CBDFE490033C069 /* FirebaseChat.xcdatamodeld in Sources */,
				5386F84A1CBE02BD0033C069 /* TableViewController.swift in Sources */,
			);
			runOnlyForDeploymentPostprocessing = 0;
		};
/* End PBXSourcesBuildPhase section */

/* Begin PBXVariantGroup section */
		5386F8341CBDFE490033C069 /* Main.storyboard */ = {
			isa = PBXVariantGroup;
			children = (
				5386F8351CBDFE490033C069 /* Base */,
			);
			name = Main.storyboard;
			sourceTree = "<group>";
		};
		5386F83C1CBDFE490033C069 /* LaunchScreen.storyboard */ = {
			isa = PBXVariantGroup;
			children = (
				5386F83D1CBDFE490033C069 /* Base */,
			);
			name = LaunchScreen.storyboard;
			sourceTree = "<group>";
		};
/* End PBXVariantGroup section */

/* Begin XCBuildConfiguration section */
		5386F8401CBDFE490033C069 /* Debug */ = {
			isa = XCBuildConfiguration;
			buildSettings = {
				ALWAYS_SEARCH_USER_PATHS = NO;
				CLANG_ANALYZER_NONNULL = YES;
				CLANG_CXX_LANGUAGE_STANDARD = "gnu++0x";
				CLANG_CXX_LIBRARY = "libc++";
				CLANG_ENABLE_MODULES = YES;
				CLANG_ENABLE_OBJC_ARC = YES;
				CLANG_WARN_BOOL_CONVERSION = YES;
				CLANG_WARN_CONSTANT_CONVERSION = YES;
				CLANG_WARN_DIRECT_OBJC_ISA_USAGE = YES_ERROR;
				CLANG_WARN_EMPTY_BODY = YES;
				CLANG_WARN_ENUM_CONVERSION = YES;
				CLANG_WARN_INT_CONVERSION = YES;
				CLANG_WARN_OBJC_ROOT_CLASS = YES_ERROR;
				CLANG_WARN_UNREACHABLE_CODE = YES;
				CLANG_WARN__DUPLICATE_METHOD_MATCH = YES;
				"CODE_SIGN_IDENTITY[sdk=iphoneos*]" = "iPhone Developer";
				COPY_PHASE_STRIP = NO;
				DEBUG_INFORMATION_FORMAT = dwarf;
				ENABLE_STRICT_OBJC_MSGSEND = YES;
				ENABLE_TESTABILITY = YES;
				GCC_C_LANGUAGE_STANDARD = gnu99;
				GCC_DYNAMIC_NO_PIC = NO;
				GCC_NO_COMMON_BLOCKS = YES;
				GCC_OPTIMIZATION_LEVEL = 0;
				GCC_PREPROCESSOR_DEFINITIONS = (
					"DEBUG=1",
					"$(inherited)",
				);
				GCC_WARN_64_TO_32_BIT_CONVERSION = YES;
				GCC_WARN_ABOUT_RETURN_TYPE = YES_ERROR;
				GCC_WARN_UNDECLARED_SELECTOR = YES;
				GCC_WARN_UNINITIALIZED_AUTOS = YES_AGGRESSIVE;
				GCC_WARN_UNUSED_FUNCTION = YES;
				GCC_WARN_UNUSED_VARIABLE = YES;
				IPHONEOS_DEPLOYMENT_TARGET = 9.3;
				MTL_ENABLE_DEBUG_INFO = YES;
				ONLY_ACTIVE_ARCH = YES;
				SDKROOT = iphoneos;
				SWIFT_OPTIMIZATION_LEVEL = "-Onone";
				TARGETED_DEVICE_FAMILY = "1,2";
			};
			name = Debug;
		};
		5386F8411CBDFE490033C069 /* Release */ = {
			isa = XCBuildConfiguration;
			buildSettings = {
				ALWAYS_SEARCH_USER_PATHS = NO;
				CLANG_ANALYZER_NONNULL = YES;
				CLANG_CXX_LANGUAGE_STANDARD = "gnu++0x";
				CLANG_CXX_LIBRARY = "libc++";
				CLANG_ENABLE_MODULES = YES;
				CLANG_ENABLE_OBJC_ARC = YES;
				CLANG_WARN_BOOL_CONVERSION = YES;
				CLANG_WARN_CONSTANT_CONVERSION = YES;
				CLANG_WARN_DIRECT_OBJC_ISA_USAGE = YES_ERROR;
				CLANG_WARN_EMPTY_BODY = YES;
				CLANG_WARN_ENUM_CONVERSION = YES;
				CLANG_WARN_INT_CONVERSION = YES;
				CLANG_WARN_OBJC_ROOT_CLASS = YES_ERROR;
				CLANG_WARN_UNREACHABLE_CODE = YES;
				CLANG_WARN__DUPLICATE_METHOD_MATCH = YES;
				"CODE_SIGN_IDENTITY[sdk=iphoneos*]" = "iPhone Developer";
				COPY_PHASE_STRIP = NO;
				DEBUG_INFORMATION_FORMAT = "dwarf-with-dsym";
				ENABLE_NS_ASSERTIONS = NO;
				ENABLE_STRICT_OBJC_MSGSEND = YES;
				GCC_C_LANGUAGE_STANDARD = gnu99;
				GCC_NO_COMMON_BLOCKS = YES;
				GCC_WARN_64_TO_32_BIT_CONVERSION = YES;
				GCC_WARN_ABOUT_RETURN_TYPE = YES_ERROR;
				GCC_WARN_UNDECLARED_SELECTOR = YES;
				GCC_WARN_UNINITIALIZED_AUTOS = YES_AGGRESSIVE;
				GCC_WARN_UNUSED_FUNCTION = YES;
				GCC_WARN_UNUSED_VARIABLE = YES;
				IPHONEOS_DEPLOYMENT_TARGET = 9.3;
				MTL_ENABLE_DEBUG_INFO = NO;
				SDKROOT = iphoneos;
				TARGETED_DEVICE_FAMILY = "1,2";
				VALIDATE_PRODUCT = YES;
			};
			name = Release;
		};
		5386F8431CBDFE490033C069 /* Debug */ = {
			isa = XCBuildConfiguration;
			baseConfigurationReference = 9DCC1B2091619E99846A815E /* Pods-FirebaseChat.debug.xcconfig */;
			buildSettings = {
				ASSETCATALOG_COMPILER_APPICON_NAME = AppIcon;
				FRAMEWORK_SEARCH_PATHS = (
					"$(inherited)",
					"$(PROJECT_DIR)/build/Debug-iphoneos/Firebase",
				);
				INFOPLIST_FILE = FirebaseChat/Info.plist;
				LD_RUNPATH_SEARCH_PATHS = "$(inherited) @executable_path/Frameworks";
				PRODUCT_BUNDLE_IDENTIFIER = com.thesimplestudio.FirebaseChat;
				PRODUCT_NAME = "$(TARGET_NAME)";
			};
			name = Debug;
		};
		5386F8441CBDFE490033C069 /* Release */ = {
			isa = XCBuildConfiguration;
			baseConfigurationReference = 24C20C0844EC18371D55E041 /* Pods-FirebaseChat.release.xcconfig */;
			buildSettings = {
				ASSETCATALOG_COMPILER_APPICON_NAME = AppIcon;
				FRAMEWORK_SEARCH_PATHS = (
					"$(inherited)",
					"$(PROJECT_DIR)/build/Debug-iphoneos/Firebase",
				);
				INFOPLIST_FILE = FirebaseChat/Info.plist;
				LD_RUNPATH_SEARCH_PATHS = "$(inherited) @executable_path/Frameworks";
				PRODUCT_BUNDLE_IDENTIFIER = com.thesimplestudio.FirebaseChat;
				PRODUCT_NAME = "$(TARGET_NAME)";
			};
			name = Release;
		};
/* End XCBuildConfiguration section */

/* Begin XCConfigurationList section */
		5386F8281CBDFE490033C069 /* Build configuration list for PBXProject "FirebaseChat" */ = {
			isa = XCConfigurationList;
			buildConfigurations = (
				5386F8401CBDFE490033C069 /* Debug */,
				5386F8411CBDFE490033C069 /* Release */,
			);
			defaultConfigurationIsVisible = 0;
			defaultConfigurationName = Release;
		};
		5386F8421CBDFE490033C069 /* Build configuration list for PBXNativeTarget "FirebaseChat" */ = {
			isa = XCConfigurationList;
			buildConfigurations = (
				5386F8431CBDFE490033C069 /* Debug */,
				5386F8441CBDFE490033C069 /* Release */,
			);
			defaultConfigurationIsVisible = 0;
			defaultConfigurationName = Release;
		};
/* End XCConfigurationList section */

/* Begin XCVersionGroup section */
		5386F8371CBDFE490033C069 /* FirebaseChat.xcdatamodeld */ = {
			isa = XCVersionGroup;
			children = (
				5386F8381CBDFE490033C069 /* FirebaseChat.xcdatamodel */,
			);
			currentVersion = 5386F8381CBDFE490033C069 /* FirebaseChat.xcdatamodel */;
			path = FirebaseChat.xcdatamodeld;
			sourceTree = "<group>";
			versionGroupType = wrapper.xcdatamodel;
		};
/* End XCVersionGroup section */
	};
	rootObject = 5386F8251CBDFE490033C069 /* Project object */;
}
