// !$*UTF8*$!
{
	archiveVersion = 1;
	classes = {
	};
	objectVersion = 46;
	objects = {

/* Begin PBXBuildFile section */
		0574D5871CC3686F00EA3628 /* Pods_Travel_Sticky.framework in Frameworks */ = {isa = PBXBuildFile; fileRef = 0507EEBD1CC353A100167E24 /* Pods_Travel_Sticky.framework */; };
		B3647F89714AF13A2A4CCA10 /* Pods_Travel_Sticky.framework in Frameworks */ = {isa = PBXBuildFile; fileRef = D960ADD6174AEE876F50FDF2 /* Pods_Travel_Sticky.framework */; };
		D03DF82E1CBFD21300E77401 /* Place.swift in Sources */ = {isa = PBXBuildFile; fileRef = D03DF82D1CBFD21300E77401 /* Place.swift */; };
		D0BCD7CA1CBB456500931420 /* AppDelegate.swift in Sources */ = {isa = PBXBuildFile; fileRef = D0BCD7C91CBB456500931420 /* AppDelegate.swift */; };
		D0BCD7CC1CBB456500931420 /* PlaceViewController.swift in Sources */ = {isa = PBXBuildFile; fileRef = D0BCD7CB1CBB456500931420 /* PlaceViewController.swift */; };
		D0BCD7CF1CBB456500931420 /* Main.storyboard in Resources */ = {isa = PBXBuildFile; fileRef = D0BCD7CD1CBB456500931420 /* Main.storyboard */; };
		D0BCD7D21CBB456500931420 /* Mini_Project.xcdatamodeld in Sources */ = {isa = PBXBuildFile; fileRef = D0BCD7D01CBB456500931420 /* Mini_Project.xcdatamodeld */; };
		D0BCD7D41CBB456500931420 /* Assets.xcassets in Resources */ = {isa = PBXBuildFile; fileRef = D0BCD7D31CBB456500931420 /* Assets.xcassets */; };
		D0BCD7D71CBB456500931420 /* LaunchScreen.storyboard in Resources */ = {isa = PBXBuildFile; fileRef = D0BCD7D51CBB456500931420 /* LaunchScreen.storyboard */; };
		D0CDC11A1CBBE26A00651C5D /* FavoriteViewController.swift in Sources */ = {isa = PBXBuildFile; fileRef = D0CDC1191CBBE26A00651C5D /* FavoriteViewController.swift */; };
		D0DE89441CCE58F70015B401 /* PlacesTableViewCell.swift in Sources */ = {isa = PBXBuildFile; fileRef = D0DE89431CCE58F70015B401 /* PlacesTableViewCell.swift */; };
		D0DE89481CCE624E0015B401 /* FavoriteTableViewCell.swift in Sources */ = {isa = PBXBuildFile; fileRef = D0DE89471CCE624E0015B401 /* FavoriteTableViewCell.swift */; };
		F8C8504D1CC1E16000B9ABFE /* Extension.swift in Sources */ = {isa = PBXBuildFile; fileRef = F8C850491CC1E16000B9ABFE /* Extension.swift */; };
		F8C8504E1CC1E16000B9ABFE /* FAIcon.swift in Sources */ = {isa = PBXBuildFile; fileRef = F8C8504A1CC1E16000B9ABFE /* FAIcon.swift */; };
		F8C8504F1CC1E16000B9ABFE /* FontAwesome.ttf in Resources */ = {isa = PBXBuildFile; fileRef = F8C8504B1CC1E16000B9ABFE /* FontAwesome.ttf */; };
		F8C850501CC1E16000B9ABFE /* Utility.swift in Sources */ = {isa = PBXBuildFile; fileRef = F8C8504C1CC1E16000B9ABFE /* Utility.swift */; };
		F8C850531CC1E1DA00B9ABFE /* Config.swift in Sources */ = {isa = PBXBuildFile; fileRef = F8C850521CC1E1DA00B9ABFE /* Config.swift */; };
		F8C850551CC1EA3F00B9ABFE /* PlaceListViewController.swift in Sources */ = {isa = PBXBuildFile; fileRef = F8C850541CC1EA3F00B9ABFE /* PlaceListViewController.swift */; };
		F8C850571CC210EE00B9ABFE /* AnimationButton.swift in Sources */ = {isa = PBXBuildFile; fileRef = F8C850561CC210EE00B9ABFE /* AnimationButton.swift */; };
		F8C850591CC233BC00B9ABFE /* MoreViewController.swift in Sources */ = {isa = PBXBuildFile; fileRef = F8C850581CC233BC00B9ABFE /* MoreViewController.swift */; };
/* End PBXBuildFile section */

/* Begin PBXFileReference section */
		0507EEBD1CC353A100167E24 /* Pods_Travel_Sticky.framework */ = {isa = PBXFileReference; lastKnownFileType = wrapper.framework; name = Pods_Travel_Sticky.framework; path = "../../../Library/Developer/Xcode/DerivedData/Travel_Sticky-hasouwyftshotidpkazwmbxqzkoq/Build/Products/Debug-iphonesimulator/Pods_Travel_Sticky.framework"; sourceTree = "<group>"; };
		7B4D09E08B86423D16E7A558 /* Pods-Travel Sticky.release.xcconfig */ = {isa = PBXFileReference; includeInIndex = 1; lastKnownFileType = text.xcconfig; name = "Pods-Travel Sticky.release.xcconfig"; path = "Pods/Target Support Files/Pods-Travel Sticky/Pods-Travel Sticky.release.xcconfig"; sourceTree = "<group>"; };
		86E9FD3623FF7B645F7C3CB3 /* Pods-Travel Sticky.debug.xcconfig */ = {isa = PBXFileReference; includeInIndex = 1; lastKnownFileType = text.xcconfig; name = "Pods-Travel Sticky.debug.xcconfig"; path = "Pods/Target Support Files/Pods-Travel Sticky/Pods-Travel Sticky.debug.xcconfig"; sourceTree = "<group>"; };
		D03DF82D1CBFD21300E77401 /* Place.swift */ = {isa = PBXFileReference; fileEncoding = 4; lastKnownFileType = sourcecode.swift; path = Place.swift; sourceTree = "<group>"; };
		D0BCD7C61CBB456500931420 /* Travel Sticky.app */ = {isa = PBXFileReference; explicitFileType = wrapper.application; includeInIndex = 0; path = "Travel Sticky.app"; sourceTree = BUILT_PRODUCTS_DIR; };
		D0BCD7C91CBB456500931420 /* AppDelegate.swift */ = {isa = PBXFileReference; lastKnownFileType = sourcecode.swift; path = AppDelegate.swift; sourceTree = "<group>"; };
		D0BCD7CB1CBB456500931420 /* PlaceViewController.swift */ = {isa = PBXFileReference; lastKnownFileType = sourcecode.swift; path = PlaceViewController.swift; sourceTree = "<group>"; };
		D0BCD7CE1CBB456500931420 /* Base */ = {isa = PBXFileReference; lastKnownFileType = file.storyboard; name = Base; path = Base.lproj/Main.storyboard; sourceTree = "<group>"; };
		D0BCD7D11CBB456500931420 /* Mini_Project.xcdatamodel */ = {isa = PBXFileReference; lastKnownFileType = wrapper.xcdatamodel; path = Mini_Project.xcdatamodel; sourceTree = "<group>"; };
		D0BCD7D31CBB456500931420 /* Assets.xcassets */ = {isa = PBXFileReference; lastKnownFileType = folder.assetcatalog; path = Assets.xcassets; sourceTree = "<group>"; };
		D0BCD7D61CBB456500931420 /* Base */ = {isa = PBXFileReference; lastKnownFileType = file.storyboard; name = Base; path = Base.lproj/LaunchScreen.storyboard; sourceTree = "<group>"; };
		D0BCD7D81CBB456500931420 /* Info.plist */ = {isa = PBXFileReference; lastKnownFileType = text.plist.xml; path = Info.plist; sourceTree = "<group>"; };
		D0CDC1191CBBE26A00651C5D /* FavoriteViewController.swift */ = {isa = PBXFileReference; fileEncoding = 4; lastKnownFileType = sourcecode.swift; path = FavoriteViewController.swift; sourceTree = "<group>"; };
		D0D25C211CCA18DE00724CE4 /* Travel Sticky-Bridging-Header.h */ = {isa = PBXFileReference; lastKnownFileType = sourcecode.c.h; path = "Travel Sticky-Bridging-Header.h"; sourceTree = "<group>"; };
		D0DE89431CCE58F70015B401 /* PlacesTableViewCell.swift */ = {isa = PBXFileReference; fileEncoding = 4; lastKnownFileType = sourcecode.swift; path = PlacesTableViewCell.swift; sourceTree = "<group>"; };
		D0DE89471CCE624E0015B401 /* FavoriteTableViewCell.swift */ = {isa = PBXFileReference; fileEncoding = 4; lastKnownFileType = sourcecode.swift; path = FavoriteTableViewCell.swift; sourceTree = "<group>"; };
		D960ADD6174AEE876F50FDF2 /* Pods_Travel_Sticky.framework */ = {isa = PBXFileReference; explicitFileType = wrapper.framework; includeInIndex = 0; path = Pods_Travel_Sticky.framework; sourceTree = BUILT_PRODUCTS_DIR; };
		F8C850491CC1E16000B9ABFE /* Extension.swift */ = {isa = PBXFileReference; fileEncoding = 4; lastKnownFileType = sourcecode.swift; path = Extension.swift; sourceTree = "<group>"; };
		F8C8504A1CC1E16000B9ABFE /* FAIcon.swift */ = {isa = PBXFileReference; fileEncoding = 4; lastKnownFileType = sourcecode.swift; path = FAIcon.swift; sourceTree = "<group>"; };
		F8C8504B1CC1E16000B9ABFE /* FontAwesome.ttf */ = {isa = PBXFileReference; lastKnownFileType = file; path = FontAwesome.ttf; sourceTree = "<group>"; };
		F8C8504C1CC1E16000B9ABFE /* Utility.swift */ = {isa = PBXFileReference; fileEncoding = 4; lastKnownFileType = sourcecode.swift; path = Utility.swift; sourceTree = "<group>"; };
		F8C850521CC1E1DA00B9ABFE /* Config.swift */ = {isa = PBXFileReference; fileEncoding = 4; lastKnownFileType = sourcecode.swift; path = Config.swift; sourceTree = "<group>"; };
		F8C850541CC1EA3F00B9ABFE /* PlaceListViewController.swift */ = {isa = PBXFileReference; fileEncoding = 4; lastKnownFileType = sourcecode.swift; path = PlaceListViewController.swift; sourceTree = "<group>"; };
		F8C850561CC210EE00B9ABFE /* AnimationButton.swift */ = {isa = PBXFileReference; fileEncoding = 4; lastKnownFileType = sourcecode.swift; path = AnimationButton.swift; sourceTree = "<group>"; };
		F8C850581CC233BC00B9ABFE /* MoreViewController.swift */ = {isa = PBXFileReference; fileEncoding = 4; lastKnownFileType = sourcecode.swift; path = MoreViewController.swift; sourceTree = "<group>"; };
/* End PBXFileReference section */

/* Begin PBXFrameworksBuildPhase section */
		D0BCD7C31CBB456500931420 /* Frameworks */ = {
			isa = PBXFrameworksBuildPhase;
			buildActionMask = 2147483647;
			files = (
				0574D5871CC3686F00EA3628 /* Pods_Travel_Sticky.framework in Frameworks */,
				B3647F89714AF13A2A4CCA10 /* Pods_Travel_Sticky.framework in Frameworks */,
			);
			runOnlyForDeploymentPostprocessing = 0;
		};
/* End PBXFrameworksBuildPhase section */

/* Begin PBXGroup section */
		AF619D51E5928189A8E18AEB /* Pods */ = {
			isa = PBXGroup;
			children = (
				86E9FD3623FF7B645F7C3CB3 /* Pods-Travel Sticky.debug.xcconfig */,
				7B4D09E08B86423D16E7A558 /* Pods-Travel Sticky.release.xcconfig */,
			);
			name = Pods;
			sourceTree = "<group>";
		};
		C11AC05DE7079F779BE0BC35 /* Frameworks */ = {
			isa = PBXGroup;
			children = (
				0507EEBD1CC353A100167E24 /* Pods_Travel_Sticky.framework */,
				D960ADD6174AEE876F50FDF2 /* Pods_Travel_Sticky.framework */,
			);
			name = Frameworks;
			sourceTree = "<group>";
		};
		D0BCD7BD1CBB456500931420 = {
			isa = PBXGroup;
			children = (
				D0BCD7C81CBB456500931420 /* Travel Sticky */,
				D0BCD7C71CBB456500931420 /* Products */,
				AF619D51E5928189A8E18AEB /* Pods */,
				C11AC05DE7079F779BE0BC35 /* Frameworks */,
			);
			sourceTree = "<group>";
		};
		D0BCD7C71CBB456500931420 /* Products */ = {
			isa = PBXGroup;
			children = (
				D0BCD7C61CBB456500931420 /* Travel Sticky.app */,
			);
			name = Products;
			sourceTree = "<group>";
		};
		D0BCD7C81CBB456500931420 /* Travel Sticky */ = {
			isa = PBXGroup;
			children = (
				D0BCD7C91CBB456500931420 /* AppDelegate.swift */,
				F8C850471CC1E09A00B9ABFE /* Controllers */,
				F8C850461CC1E09500B9ABFE /* Views */,
				F8C850481CC1E0A000B9ABFE /* Utility */,
				F8C850451CC1E08C00B9ABFE /* Models */,
				D0BCD7D31CBB456500931420 /* Assets.xcassets */,
				D0BCD7D81CBB456500931420 /* Info.plist */,
				D0D25C211CCA18DE00724CE4 /* Travel Sticky-Bridging-Header.h */,
			);
			name = "Travel Sticky";
			path = "Mini-Project";
			sourceTree = "<group>";
		};
		F8C850451CC1E08C00B9ABFE /* Models */ = {
			isa = PBXGroup;
			children = (
				D0BCD7D01CBB456500931420 /* Mini_Project.xcdatamodeld */,
				D03DF82D1CBFD21300E77401 /* Place.swift */,
			);
			name = Models;
			sourceTree = "<group>";
		};
		F8C850461CC1E09500B9ABFE /* Views */ = {
			isa = PBXGroup;
			children = (
				D0BCD7CD1CBB456500931420 /* Main.storyboard */,
				D0BCD7D51CBB456500931420 /* LaunchScreen.storyboard */,
				D0DE89431CCE58F70015B401 /* PlacesTableViewCell.swift */,
				D0DE89471CCE624E0015B401 /* FavoriteTableViewCell.swift */,
			);
			name = Views;
			sourceTree = "<group>";
		};
		F8C850471CC1E09A00B9ABFE /* Controllers */ = {
			isa = PBXGroup;
			children = (
				F8C850581CC233BC00B9ABFE /* MoreViewController.swift */,
				F8C850541CC1EA3F00B9ABFE /* PlaceListViewController.swift */,
				D0BCD7CB1CBB456500931420 /* PlaceViewController.swift */,
				D0CDC1191CBBE26A00651C5D /* FavoriteViewController.swift */,
			);
			name = Controllers;
			sourceTree = "<group>";
		};
		F8C850481CC1E0A000B9ABFE /* Utility */ = {
			isa = PBXGroup;
			children = (
				F8C850561CC210EE00B9ABFE /* AnimationButton.swift */,
				F8C850511CC1E16900B9ABFE /* Font Awesome */,
				F8C850491CC1E16000B9ABFE /* Extension.swift */,
				F8C8504C1CC1E16000B9ABFE /* Utility.swift */,
				F8C850521CC1E1DA00B9ABFE /* Config.swift */,
			);
			name = Utility;
			sourceTree = "<group>";
		};
		F8C850511CC1E16900B9ABFE /* Font Awesome */ = {
			isa = PBXGroup;
			children = (
				F8C8504A1CC1E16000B9ABFE /* FAIcon.swift */,
				F8C8504B1CC1E16000B9ABFE /* FontAwesome.ttf */,
			);
			name = "Font Awesome";
			sourceTree = "<group>";
		};
/* End PBXGroup section */

/* Begin PBXNativeTarget section */
		D0BCD7C51CBB456500931420 /* Travel Sticky */ = {
			isa = PBXNativeTarget;
			buildConfigurationList = D0BCD7DB1CBB456500931420 /* Build configuration list for PBXNativeTarget "Travel Sticky" */;
			buildPhases = (
				C575FEF9E2D28B1A67674B53 /* 📦 Check Pods Manifest.lock */,
				6FD3A5E368D6C86EB1273708 /* Check Pods Manifest.lock */,
				D0BCD7C21CBB456500931420 /* Sources */,
				D0BCD7C31CBB456500931420 /* Frameworks */,
				D0BCD7C41CBB456500931420 /* Resources */,
				2479CC07B63B2B7BE182FF4F /* 📦 Embed Pods Frameworks */,
				C55A398799F76D7074D4318A /* 📦 Copy Pods Resources */,
				A5C0F097C72EDBACAE1D1A4D /* Embed Pods Frameworks */,
				31040E64C5A2254DE9D1443A /* Copy Pods Resources */,
			);
			buildRules = (
			);
			dependencies = (
			);
			name = "Travel Sticky";
			productName = "Mini-Project";
			productReference = D0BCD7C61CBB456500931420 /* Travel Sticky.app */;
			productType = "com.apple.product-type.application";
		};
/* End PBXNativeTarget section */

/* Begin PBXProject section */
		D0BCD7BE1CBB456500931420 /* Project object */ = {
			isa = PBXProject;
			attributes = {
				LastSwiftUpdateCheck = 0730;
				LastUpgradeCheck = 0730;
				ORGANIZATIONNAME = Thai;
				TargetAttributes = {
					D0BCD7C51CBB456500931420 = {
						CreatedOnToolsVersion = 7.3;
						DevelopmentTeam = A2NR73B2X5;
					};
				};
			};
			buildConfigurationList = D0BCD7C11CBB456500931420 /* Build configuration list for PBXProject "Travel Sticky" */;
			compatibilityVersion = "Xcode 3.2";
			developmentRegion = English;
			hasScannedForEncodings = 0;
			knownRegions = (
				en,
				Base,
			);
			mainGroup = D0BCD7BD1CBB456500931420;
			productRefGroup = D0BCD7C71CBB456500931420 /* Products */;
			projectDirPath = "";
			projectRoot = "";
			targets = (
				D0BCD7C51CBB456500931420 /* Travel Sticky */,
			);
		};
/* End PBXProject section */

/* Begin PBXResourcesBuildPhase section */
		D0BCD7C41CBB456500931420 /* Resources */ = {
			isa = PBXResourcesBuildPhase;
			buildActionMask = 2147483647;
			files = (
				D0BCD7D71CBB456500931420 /* LaunchScreen.storyboard in Resources */,
				D0BCD7D41CBB456500931420 /* Assets.xcassets in Resources */,
				D0BCD7CF1CBB456500931420 /* Main.storyboard in Resources */,
				F8C8504F1CC1E16000B9ABFE /* FontAwesome.ttf in Resources */,
			);
			runOnlyForDeploymentPostprocessing = 0;
		};
/* End PBXResourcesBuildPhase section */

/* Begin PBXShellScriptBuildPhase section */
		2479CC07B63B2B7BE182FF4F /* 📦 Embed Pods Frameworks */ = {
			isa = PBXShellScriptBuildPhase;
			buildActionMask = 2147483647;
			files = (
			);
			inputPaths = (
			);
			name = "📦 Embed Pods Frameworks";
			outputPaths = (
			);
			runOnlyForDeploymentPostprocessing = 0;
			shellPath = /bin/sh;
			shellScript = "\"${SRCROOT}/Pods/Target Support Files/Pods-Travel Sticky/Pods-Travel Sticky-frameworks.sh\"\n";
			showEnvVarsInLog = 0;
		};
		31040E64C5A2254DE9D1443A /* Copy Pods Resources */ = {
			isa = PBXShellScriptBuildPhase;
			buildActionMask = 2147483647;
			files = (
			);
			inputPaths = (
			);
			name = "Copy Pods Resources";
			outputPaths = (
			);
			runOnlyForDeploymentPostprocessing = 0;
			shellPath = /bin/sh;
			shellScript = "\"${SRCROOT}/Pods/Target Support Files/Pods-Travel Sticky/Pods-Travel Sticky-resources.sh\"\n";
			showEnvVarsInLog = 0;
		};
		6FD3A5E368D6C86EB1273708 /* Check Pods Manifest.lock */ = {
			isa = PBXShellScriptBuildPhase;
			buildActionMask = 2147483647;
			files = (
			);
			inputPaths = (
			);
			name = "Check Pods Manifest.lock";
			outputPaths = (
			);
			runOnlyForDeploymentPostprocessing = 0;
			shellPath = /bin/sh;
			shellScript = "diff \"${PODS_ROOT}/../Podfile.lock\" \"${PODS_ROOT}/Manifest.lock\" > /dev/null\nif [[ $? != 0 ]] ; then\n    cat << EOM\nerror: The sandbox is not in sync with the Podfile.lock. Run 'pod install' or update your CocoaPods installation.\nEOM\n    exit 1\nfi\n";
			showEnvVarsInLog = 0;
		};
		A5C0F097C72EDBACAE1D1A4D /* Embed Pods Frameworks */ = {
			isa = PBXShellScriptBuildPhase;
			buildActionMask = 2147483647;
			files = (
			);
			inputPaths = (
			);
			name = "Embed Pods Frameworks";
			outputPaths = (
			);
			runOnlyForDeploymentPostprocessing = 0;
			shellPath = /bin/sh;
			shellScript = "\"${SRCROOT}/Pods/Target Support Files/Pods-Travel Sticky/Pods-Travel Sticky-frameworks.sh\"\n";
			showEnvVarsInLog = 0;
		};
		C55A398799F76D7074D4318A /* 📦 Copy Pods Resources */ = {
			isa = PBXShellScriptBuildPhase;
			buildActionMask = 2147483647;
			files = (
			);
			inputPaths = (
			);
			name = "📦 Copy Pods Resources";
			outputPaths = (
			);
			runOnlyForDeploymentPostprocessing = 0;
			shellPath = /bin/sh;
			shellScript = "\"${SRCROOT}/Pods/Target Support Files/Pods-Travel Sticky/Pods-Travel Sticky-resources.sh\"\n";
			showEnvVarsInLog = 0;
		};
		C575FEF9E2D28B1A67674B53 /* 📦 Check Pods Manifest.lock */ = {
			isa = PBXShellScriptBuildPhase;
			buildActionMask = 2147483647;
			files = (
			);
			inputPaths = (
			);
			name = "📦 Check Pods Manifest.lock";
			outputPaths = (
			);
			runOnlyForDeploymentPostprocessing = 0;
			shellPath = /bin/sh;
			shellScript = "diff \"${PODS_ROOT}/../Podfile.lock\" \"${PODS_ROOT}/Manifest.lock\" > /dev/null\nif [[ $? != 0 ]] ; then\n    cat << EOM\nerror: The sandbox is not in sync with the Podfile.lock. Run 'pod install' or update your CocoaPods installation.\nEOM\n    exit 1\nfi\n";
			showEnvVarsInLog = 0;
		};
/* End PBXShellScriptBuildPhase section */

/* Begin PBXSourcesBuildPhase section */
		D0BCD7C21CBB456500931420 /* Sources */ = {
			isa = PBXSourcesBuildPhase;
			buildActionMask = 2147483647;
			files = (
				F8C850571CC210EE00B9ABFE /* AnimationButton.swift in Sources */,
				F8C850591CC233BC00B9ABFE /* MoreViewController.swift in Sources */,
				F8C850551CC1EA3F00B9ABFE /* PlaceListViewController.swift in Sources */,
				D0BCD7CC1CBB456500931420 /* PlaceViewController.swift in Sources */,
				D0BCD7D21CBB456500931420 /* Mini_Project.xcdatamodeld in Sources */,
				D0DE89481CCE624E0015B401 /* FavoriteTableViewCell.swift in Sources */,
				F8C850501CC1E16000B9ABFE /* Utility.swift in Sources */,
				F8C8504D1CC1E16000B9ABFE /* Extension.swift in Sources */,
				D0CDC11A1CBBE26A00651C5D /* FavoriteViewController.swift in Sources */,
				D0DE89441CCE58F70015B401 /* PlacesTableViewCell.swift in Sources */,
				D0BCD7CA1CBB456500931420 /* AppDelegate.swift in Sources */,
				F8C850531CC1E1DA00B9ABFE /* Config.swift in Sources */,
				D03DF82E1CBFD21300E77401 /* Place.swift in Sources */,
				F8C8504E1CC1E16000B9ABFE /* FAIcon.swift in Sources */,
			);
			runOnlyForDeploymentPostprocessing = 0;
		};
/* End PBXSourcesBuildPhase section */

/* Begin PBXVariantGroup section */
		D0BCD7CD1CBB456500931420 /* Main.storyboard */ = {
			isa = PBXVariantGroup;
			children = (
				D0BCD7CE1CBB456500931420 /* Base */,
			);
			name = Main.storyboard;
			sourceTree = "<group>";
		};
		D0BCD7D51CBB456500931420 /* LaunchScreen.storyboard */ = {
			isa = PBXVariantGroup;
			children = (
				D0BCD7D61CBB456500931420 /* Base */,
			);
			name = LaunchScreen.storyboard;
			sourceTree = "<group>";
		};
/* End PBXVariantGroup section */

/* Begin XCBuildConfiguration section */
		D0BCD7D91CBB456500931420 /* Debug */ = {
			isa = XCBuildConfiguration;
			buildSettings = {
				ALWAYS_SEARCH_USER_PATHS = NO;
				CLANG_ANALYZER_NONNULL = YES;
				CLANG_CXX_LANGUAGE_STANDARD = "gnu++0x";
				CLANG_CXX_LIBRARY = "libc++";
				CLANG_ENABLE_MODULES = YES;
				CLANG_ENABLE_OBJC_ARC = YES;
				CLANG_WARN_BOOL_CONVERSION = YES;
				CLANG_WARN_CONSTANT_CONVERSION = YES;
				CLANG_WARN_DIRECT_OBJC_ISA_USAGE = YES_ERROR;
				CLANG_WARN_EMPTY_BODY = YES;
				CLANG_WARN_ENUM_CONVERSION = YES;
				CLANG_WARN_INT_CONVERSION = YES;
				CLANG_WARN_OBJC_ROOT_CLASS = YES_ERROR;
				CLANG_WARN_UNREACHABLE_CODE = YES;
				CLANG_WARN__DUPLICATE_METHOD_MATCH = YES;
				"CODE_SIGN_IDENTITY[sdk=iphoneos*]" = "iPhone Developer";
				COPY_PHASE_STRIP = NO;
				DEBUG_INFORMATION_FORMAT = dwarf;
				ENABLE_STRICT_OBJC_MSGSEND = YES;
				ENABLE_TESTABILITY = YES;
				GCC_C_LANGUAGE_STANDARD = gnu99;
				GCC_DYNAMIC_NO_PIC = NO;
				GCC_NO_COMMON_BLOCKS = YES;
				GCC_OPTIMIZATION_LEVEL = 0;
				GCC_PREPROCESSOR_DEFINITIONS = (
					"DEBUG=1",
					"$(inherited)",
				);
				GCC_WARN_64_TO_32_BIT_CONVERSION = YES;
				GCC_WARN_ABOUT_RETURN_TYPE = YES_ERROR;
				GCC_WARN_UNDECLARED_SELECTOR = YES;
				GCC_WARN_UNINITIALIZED_AUTOS = YES_AGGRESSIVE;
				GCC_WARN_UNUSED_FUNCTION = YES;
				GCC_WARN_UNUSED_VARIABLE = YES;
				IPHONEOS_DEPLOYMENT_TARGET = 9.3;
				MTL_ENABLE_DEBUG_INFO = YES;
				ONLY_ACTIVE_ARCH = YES;
				SDKROOT = iphoneos;
				SWIFT_OPTIMIZATION_LEVEL = "-Onone";
			};
			name = Debug;
		};
		D0BCD7DA1CBB456500931420 /* Release */ = {
			isa = XCBuildConfiguration;
			buildSettings = {
				ALWAYS_SEARCH_USER_PATHS = NO;
				CLANG_ANALYZER_NONNULL = YES;
				CLANG_CXX_LANGUAGE_STANDARD = "gnu++0x";
				CLANG_CXX_LIBRARY = "libc++";
				CLANG_ENABLE_MODULES = YES;
				CLANG_ENABLE_OBJC_ARC = YES;
				CLANG_WARN_BOOL_CONVERSION = YES;
				CLANG_WARN_CONSTANT_CONVERSION = YES;
				CLANG_WARN_DIRECT_OBJC_ISA_USAGE = YES_ERROR;
				CLANG_WARN_EMPTY_BODY = YES;
				CLANG_WARN_ENUM_CONVERSION = YES;
				CLANG_WARN_INT_CONVERSION = YES;
				CLANG_WARN_OBJC_ROOT_CLASS = YES_ERROR;
				CLANG_WARN_UNREACHABLE_CODE = YES;
				CLANG_WARN__DUPLICATE_METHOD_MATCH = YES;
				"CODE_SIGN_IDENTITY[sdk=iphoneos*]" = "iPhone Developer";
				COPY_PHASE_STRIP = NO;
				DEBUG_INFORMATION_FORMAT = "dwarf-with-dsym";
				ENABLE_NS_ASSERTIONS = NO;
				ENABLE_STRICT_OBJC_MSGSEND = YES;
				GCC_C_LANGUAGE_STANDARD = gnu99;
				GCC_NO_COMMON_BLOCKS = YES;
				GCC_WARN_64_TO_32_BIT_CONVERSION = YES;
				GCC_WARN_ABOUT_RETURN_TYPE = YES_ERROR;
				GCC_WARN_UNDECLARED_SELECTOR = YES;
				GCC_WARN_UNINITIALIZED_AUTOS = YES_AGGRESSIVE;
				GCC_WARN_UNUSED_FUNCTION = YES;
				GCC_WARN_UNUSED_VARIABLE = YES;
				IPHONEOS_DEPLOYMENT_TARGET = 9.3;
				MTL_ENABLE_DEBUG_INFO = NO;
				SDKROOT = iphoneos;
				VALIDATE_PRODUCT = YES;
			};
			name = Release;
		};
		D0BCD7DC1CBB456500931420 /* Debug */ = {
			isa = XCBuildConfiguration;
			baseConfigurationReference = 86E9FD3623FF7B645F7C3CB3 /* Pods-Travel Sticky.debug.xcconfig */;
			buildSettings = {
				ASSETCATALOG_COMPILER_APPICON_NAME = AppIcon;
				CLANG_ENABLE_MODULES = YES;
				CODE_SIGN_IDENTITY = "iPhone Developer: Tam Tam (9Z4D262E42)";
				"CODE_SIGN_IDENTITY[sdk=iphoneos*]" = "iPhone Developer: Tam Tam (9Z4D262E42)";
				INFOPLIST_FILE = "Mini-Project/Info.plist";
				IPHONEOS_DEPLOYMENT_TARGET = 9.2;
				LD_RUNPATH_SEARCH_PATHS = "$(inherited) @executable_path/Frameworks";
				PRODUCT_BUNDLE_IDENTIFIER = com.thesimplestudio.travelsticky;
				PRODUCT_NAME = "Travel Sticky";
				PROVISIONING_PROFILE = "";
				SWIFT_OBJC_BRIDGING_HEADER = "Mini-Project/Travel Sticky-Bridging-Header.h";
				SWIFT_OPTIMIZATION_LEVEL = "-Onone";
				TARGETED_DEVICE_FAMILY = "1,2";
			};
			name = Debug;
		};
		D0BCD7DD1CBB456500931420 /* Release */ = {
			isa = XCBuildConfiguration;
			baseConfigurationReference = 7B4D09E08B86423D16E7A558 /* Pods-Travel Sticky.release.xcconfig */;
			buildSettings = {
				ASSETCATALOG_COMPILER_APPICON_NAME = AppIcon;
				CLANG_ENABLE_MODULES = YES;
				CODE_SIGN_IDENTITY = "iPhone Developer: Tam Tam (9Z4D262E42)";
				"CODE_SIGN_IDENTITY[sdk=iphoneos*]" = "iPhone Developer: Tam Tam (9Z4D262E42)";
				INFOPLIST_FILE = "Mini-Project/Info.plist";
				IPHONEOS_DEPLOYMENT_TARGET = 9.2;
				LD_RUNPATH_SEARCH_PATHS = "$(inherited) @executable_path/Frameworks";
				PRODUCT_BUNDLE_IDENTIFIER = com.thesimplestudio.travelsticky;
				PRODUCT_NAME = "Travel Sticky";
				PROVISIONING_PROFILE = "";
				SWIFT_OBJC_BRIDGING_HEADER = "Mini-Project/Travel Sticky-Bridging-Header.h";
				TARGETED_DEVICE_FAMILY = "1,2";
			};
			name = Release;
		};
/* End XCBuildConfiguration section */

/* Begin XCConfigurationList section */
		D0BCD7C11CBB456500931420 /* Build configuration list for PBXProject "Travel Sticky" */ = {
			isa = XCConfigurationList;
			buildConfigurations = (
				D0BCD7D91CBB456500931420 /* Debug */,
				D0BCD7DA1CBB456500931420 /* Release */,
			);
			defaultConfigurationIsVisible = 0;
			defaultConfigurationName = Release;
		};
		D0BCD7DB1CBB456500931420 /* Build configuration list for PBXNativeTarget "Travel Sticky" */ = {
			isa = XCConfigurationList;
			buildConfigurations = (
				D0BCD7DC1CBB456500931420 /* Debug */,
				D0BCD7DD1CBB456500931420 /* Release */,
			);
			defaultConfigurationIsVisible = 0;
			defaultConfigurationName = Release;
		};
/* End XCConfigurationList section */

/* Begin XCVersionGroup section */
		D0BCD7D01CBB456500931420 /* Mini_Project.xcdatamodeld */ = {
			isa = XCVersionGroup;
			children = (
				D0BCD7D11CBB456500931420 /* Mini_Project.xcdatamodel */,
			);
			currentVersion = D0BCD7D11CBB456500931420 /* Mini_Project.xcdatamodel */;
			path = Mini_Project.xcdatamodeld;
			sourceTree = "<group>";
			versionGroupType = wrapper.xcdatamodel;
		};
/* End XCVersionGroup section */
	};
	rootObject = D0BCD7BE1CBB456500931420 /* Project object */;
}
